# This file is autogenerated, do not edit; changes may be undone by the next 'dep ensure'.


[[projects]]
  branch = "master"
  digest = "1:e9c48ce9420f9d66a1d7da4ff2659ba467c5bc277df8740ac2f875ff90f7b666"
  name = "github.com/fluent/fluent-bit-go"
  packages = ["output"]
  pruneopts = "UT"
  revision = "c4a158a6e3a793166c6ecfa2d5c80d71eada8959"

[[projects]]
  branch = "master"
  digest = "1:5ab79470a1d0fb19b041a624415612f8236b3c06070161a910562f2b2d064355"
  name = "github.com/mitchellh/mapstructure"
  packages = ["."]
  pruneopts = "UT"
  revision = "f15292f7a699fcc1a38a80977f80a046874ba8ac"

[[projects]]
  digest = "1:03aa6e485e528acb119fb32901cf99582c380225fc7d5a02758e08b180cb56c3"
  name = "github.com/ugorji/go"
  packages = ["codec"]
  pruneopts = "UT"
  revision = "b4c50a2b199d93b13dc15e78929cfb23bfdf21ab"
  version = "v1.1.1"

[solve-meta]
  analyzer-name = "dep"
  analyzer-version = 1
  input-imports = [
    "github.com/fluent/fluent-bit-go/output",
    "github.com/mitchellh/mapstructure",
  ]
  solver-name = "gps-cdcl"
  solver-version = 1
